// !$*UTF8*$!
{
	archiveVersion = 1;
	classes = {
	};
	objectVersion = 56;
	objects = {

/* Begin PBXBuildFile section */
		82151EAC2C2197BF00AF7511 /* CollegeifyApp.swift in Sources */ = {isa = PBXBuildFile; fileRef = 82151EAB2C2197BF00AF7511 /* CollegeifyApp.swift */; };
		82151EAE2C2197BF00AF7511 /* ContentView.swift in Sources */ = {isa = PBXBuildFile; fileRef = 82151EAD2C2197BF00AF7511 /* ContentView.swift */; };
		82151EB02C2197C000AF7511 /* Assets.xcassets in Resources */ = {isa = PBXBuildFile; fileRef = 82151EAF2C2197C000AF7511 /* Assets.xcassets */; };
		82151EB32C2197C000AF7511 /* Preview Assets.xcassets in Resources */ = {isa = PBXBuildFile; fileRef = 82151EB22C2197C000AF7511 /* Preview Assets.xcassets */; };
		82151EBD2C2197C000AF7511 /* CollegeifyTests.swift in Sources */ = {isa = PBXBuildFile; fileRef = 82151EBC2C2197C000AF7511 /* CollegeifyTests.swift */; };
		82151EC72C2197C000AF7511 /* CollegeifyUITests.swift in Sources */ = {isa = PBXBuildFile; fileRef = 82151EC62C2197C000AF7511 /* CollegeifyUITests.swift */; };
		82151EC92C2197C000AF7511 /* CollegeifyUITestsLaunchTests.swift in Sources */ = {isa = PBXBuildFile; fileRef = 82151EC82C2197C000AF7511 /* CollegeifyUITestsLaunchTests.swift */; };
		82AEF3002C21A742002C0665 /* WidgetKit.framework in Frameworks */ = {isa = PBXBuildFile; fileRef = 82AEF2FF2C21A742002C0665 /* WidgetKit.framework */; };
		82AEF3022C21A742002C0665 /* SwiftUI.framework in Frameworks */ = {isa = PBXBuildFile; fileRef = 82AEF3012C21A742002C0665 /* SwiftUI.framework */; };
		82AEF3052C21A742002C0665 /* CollegeifyWidgetBundle.swift in Sources */ = {isa = PBXBuildFile; fileRef = 82AEF3042C21A742002C0665 /* CollegeifyWidgetBundle.swift */; };
		82AEF3072C21A742002C0665 /* CollegeifyWidgetLiveActivity.swift in Sources */ = {isa = PBXBuildFile; fileRef = 82AEF3062C21A742002C0665 /* CollegeifyWidgetLiveActivity.swift */; };
		82AEF3092C21A742002C0665 /* CollegeifyWidget.swift in Sources */ = {isa = PBXBuildFile; fileRef = 82AEF3082C21A742002C0665 /* CollegeifyWidget.swift */; };
		82AEF30B2C21A742002C0665 /* AppIntent.swift in Sources */ = {isa = PBXBuildFile; fileRef = 82AEF30A2C21A742002C0665 /* AppIntent.swift */; };
		82AEF30D2C21A743002C0665 /* Assets.xcassets in Resources */ = {isa = PBXBuildFile; fileRef = 82AEF30C2C21A743002C0665 /* Assets.xcassets */; };
		82AEF3112C21A743002C0665 /* CollegeifyWidgetExtension.appex in Embed Foundation Extensions */ = {isa = PBXBuildFile; fileRef = 82AEF2FD2C21A742002C0665 /* CollegeifyWidgetExtension.appex */; settings = {ATTRIBUTES = (RemoveHeadersOnCopy, ); }; };
		82AEF3172C21A8FE002C0665 /* Subject.swift in Sources */ = {isa = PBXBuildFile; fileRef = 82AEF3162C21A8FE002C0665 /* Subject.swift */; };
		82AEF3182C21A979002C0665 /* Subject.swift in Sources */ = {isa = PBXBuildFile; fileRef = 82AEF3162C21A8FE002C0665 /* Subject.swift */; };
/* End PBXBuildFile section */

/* Begin PBXContainerItemProxy section */
		82151EB92C2197C000AF7511 /* PBXContainerItemProxy */ = {
			isa = PBXContainerItemProxy;
			containerPortal = 82151EA02C2197BF00AF7511 /* Project object */;
			proxyType = 1;
			remoteGlobalIDString = 82151EA72C2197BF00AF7511;
			remoteInfo = Collegeify;
		};
		82151EC32C2197C000AF7511 /* PBXContainerItemProxy */ = {
			isa = PBXContainerItemProxy;
			containerPortal = 82151EA02C2197BF00AF7511 /* Project object */;
			proxyType = 1;
			remoteGlobalIDString = 82151EA72C2197BF00AF7511;
			remoteInfo = Collegeify;
		};
		82AEF30F2C21A743002C0665 /* PBXContainerItemProxy */ = {
			isa = PBXContainerItemProxy;
			containerPortal = 82151EA02C2197BF00AF7511 /* Project object */;
			proxyType = 1;
			remoteGlobalIDString = 82AEF2FC2C21A742002C0665;
			remoteInfo = CollegeifyWidgetExtension;
		};
/* End PBXContainerItemProxy section */

/* Begin PBXCopyFilesBuildPhase section */
		82AEF3122C21A743002C0665 /* Embed Foundation Extensions */ = {
			isa = PBXCopyFilesBuildPhase;
			buildActionMask = 2147483647;
			dstPath = "";
			dstSubfolderSpec = 13;
			files = (
				82AEF3112C21A743002C0665 /* CollegeifyWidgetExtension.appex in Embed Foundation Extensions */,
			);
			name = "Embed Foundation Extensions";
			runOnlyForDeploymentPostprocessing = 0;
		};
/* End PBXCopyFilesBuildPhase section */

/* Begin PBXFileReference section */
		82151EA82C2197BF00AF7511 /* Collegeify.app */ = {isa = PBXFileReference; explicitFileType = wrapper.application; includeInIndex = 0; path = Collegeify.app; sourceTree = BUILT_PRODUCTS_DIR; };
		82151EAB2C2197BF00AF7511 /* CollegeifyApp.swift */ = {isa = PBXFileReference; lastKnownFileType = sourcecode.swift; path = CollegeifyApp.swift; sourceTree = "<group>"; };
		82151EAD2C2197BF00AF7511 /* ContentView.swift */ = {isa = PBXFileReference; lastKnownFileType = sourcecode.swift; path = ContentView.swift; sourceTree = "<group>"; };
		82151EAF2C2197C000AF7511 /* Assets.xcassets */ = {isa = PBXFileReference; lastKnownFileType = folder.assetcatalog; path = Assets.xcassets; sourceTree = "<group>"; };
		82151EB22C2197C000AF7511 /* Preview Assets.xcassets */ = {isa = PBXFileReference; lastKnownFileType = folder.assetcatalog; path = "Preview Assets.xcassets"; sourceTree = "<group>"; };
		82151EB82C2197C000AF7511 /* CollegeifyTests.xctest */ = {isa = PBXFileReference; explicitFileType = wrapper.cfbundle; includeInIndex = 0; path = CollegeifyTests.xctest; sourceTree = BUILT_PRODUCTS_DIR; };
		82151EBC2C2197C000AF7511 /* CollegeifyTests.swift */ = {isa = PBXFileReference; lastKnownFileType = sourcecode.swift; path = CollegeifyTests.swift; sourceTree = "<group>"; };
		82151EC22C2197C000AF7511 /* CollegeifyUITests.xctest */ = {isa = PBXFileReference; explicitFileType = wrapper.cfbundle; includeInIndex = 0; path = CollegeifyUITests.xctest; sourceTree = BUILT_PRODUCTS_DIR; };
		82151EC62C2197C000AF7511 /* CollegeifyUITests.swift */ = {isa = PBXFileReference; lastKnownFileType = sourcecode.swift; path = CollegeifyUITests.swift; sourceTree = "<group>"; };
		82151EC82C2197C000AF7511 /* CollegeifyUITestsLaunchTests.swift */ = {isa = PBXFileReference; lastKnownFileType = sourcecode.swift; path = CollegeifyUITestsLaunchTests.swift; sourceTree = "<group>"; };
		82AEF2FD2C21A742002C0665 /* CollegeifyWidgetExtension.appex */ = {isa = PBXFileReference; explicitFileType = "wrapper.app-extension"; includeInIndex = 0; path = CollegeifyWidgetExtension.appex; sourceTree = BUILT_PRODUCTS_DIR; };
		82AEF2FF2C21A742002C0665 /* WidgetKit.framework */ = {isa = PBXFileReference; lastKnownFileType = wrapper.framework; name = WidgetKit.framework; path = System/Library/Frameworks/WidgetKit.framework; sourceTree = SDKROOT; };
		82AEF3012C21A742002C0665 /* SwiftUI.framework */ = {isa = PBXFileReference; lastKnownFileType = wrapper.framework; name = SwiftUI.framework; path = System/Library/Frameworks/SwiftUI.framework; sourceTree = SDKROOT; };
		82AEF3042C21A742002C0665 /* CollegeifyWidgetBundle.swift */ = {isa = PBXFileReference; lastKnownFileType = sourcecode.swift; path = CollegeifyWidgetBundle.swift; sourceTree = "<group>"; };
		82AEF3062C21A742002C0665 /* CollegeifyWidgetLiveActivity.swift */ = {isa = PBXFileReference; lastKnownFileType = sourcecode.swift; path = CollegeifyWidgetLiveActivity.swift; sourceTree = "<group>"; };
		82AEF3082C21A742002C0665 /* CollegeifyWidget.swift */ = {isa = PBXFileReference; lastKnownFileType = sourcecode.swift; path = CollegeifyWidget.swift; sourceTree = "<group>"; };
		82AEF30A2C21A742002C0665 /* AppIntent.swift */ = {isa = PBXFileReference; lastKnownFileType = sourcecode.swift; path = AppIntent.swift; sourceTree = "<group>"; };
		82AEF30C2C21A743002C0665 /* Assets.xcassets */ = {isa = PBXFileReference; lastKnownFileType = folder.assetcatalog; path = Assets.xcassets; sourceTree = "<group>"; };
		82AEF30E2C21A743002C0665 /* Info.plist */ = {isa = PBXFileReference; lastKnownFileType = text.plist.xml; path = Info.plist; sourceTree = "<group>"; };
		82AEF3162C21A8FE002C0665 /* Subject.swift */ = {isa = PBXFileReference; lastKnownFileType = sourcecode.swift; path = Subject.swift; sourceTree = "<group>"; };
/* End PBXFileReference section */

/* Begin PBXFrameworksBuildPhase section */
		82151EA52C2197BF00AF7511 /* Frameworks */ = {
			isa = PBXFrameworksBuildPhase;
			buildActionMask = 2147483647;
			files = (
			);
			runOnlyForDeploymentPostprocessing = 0;
		};
		82151EB52C2197C000AF7511 /* Frameworks */ = {
			isa = PBXFrameworksBuildPhase;
			buildActionMask = 2147483647;
			files = (
			);
			runOnlyForDeploymentPostprocessing = 0;
		};
		82151EBF2C2197C000AF7511 /* Frameworks */ = {
			isa = PBXFrameworksBuildPhase;
			buildActionMask = 2147483647;
			files = (
			);
			runOnlyForDeploymentPostprocessing = 0;
		};
		82AEF2FA2C21A742002C0665 /* Frameworks */ = {
			isa = PBXFrameworksBuildPhase;
			buildActionMask = 2147483647;
			files = (
				82AEF3022C21A742002C0665 /* SwiftUI.framework in Frameworks */,
				82AEF3002C21A742002C0665 /* WidgetKit.framework in Frameworks */,
			);
			runOnlyForDeploymentPostprocessing = 0;
		};
/* End PBXFrameworksBuildPhase section */

/* Begin PBXGroup section */
		82151E9F2C2197BF00AF7511 = {
			isa = PBXGroup;
			children = (
				82AEF3162C21A8FE002C0665 /* Subject.swift */,
				82151EAA2C2197BF00AF7511 /* Collegeify */,
				82151EBB2C2197C000AF7511 /* CollegeifyTests */,
				82151EC52C2197C000AF7511 /* CollegeifyUITests */,
				82AEF3032C21A742002C0665 /* CollegeifyWidget */,
				82AEF2FE2C21A742002C0665 /* Frameworks */,
				82151EA92C2197BF00AF7511 /* Products */,
			);
			sourceTree = "<group>";
		};
		82151EA92C2197BF00AF7511 /* Products */ = {
			isa = PBXGroup;
			children = (
				82151EA82C2197BF00AF7511 /* Collegeify.app */,
				82151EB82C2197C000AF7511 /* CollegeifyTests.xctest */,
				82151EC22C2197C000AF7511 /* CollegeifyUITests.xctest */,
				82AEF2FD2C21A742002C0665 /* CollegeifyWidgetExtension.appex */,
			);
			name = Products;
			sourceTree = "<group>";
		};
		82151EAA2C2197BF00AF7511 /* Collegeify */ = {
			isa = PBXGroup;
			children = (
				82151EAB2C2197BF00AF7511 /* CollegeifyApp.swift */,
				82151EAD2C2197BF00AF7511 /* ContentView.swift */,
				82151EAF2C2197C000AF7511 /* Assets.xcassets */,
				82151EB12C2197C000AF7511 /* Preview Content */,
			);
			path = Collegeify;
			sourceTree = "<group>";
		};
		82151EB12C2197C000AF7511 /* Preview Content */ = {
			isa = PBXGroup;
			children = (
				82151EB22C2197C000AF7511 /* Preview Assets.xcassets */,
			);
			path = "Preview Content";
			sourceTree = "<group>";
		};
		82151EBB2C2197C000AF7511 /* CollegeifyTests */ = {
			isa = PBXGroup;
			children = (
				82151EBC2C2197C000AF7511 /* CollegeifyTests.swift */,
			);
			path = CollegeifyTests;
			sourceTree = "<group>";
		};
		82151EC52C2197C000AF7511 /* CollegeifyUITests */ = {
			isa = PBXGroup;
			children = (
				82151EC62C2197C000AF7511 /* CollegeifyUITests.swift */,
				82151EC82C2197C000AF7511 /* CollegeifyUITestsLaunchTests.swift */,
			);
			path = CollegeifyUITests;
			sourceTree = "<group>";
		};
		82AEF2FE2C21A742002C0665 /* Frameworks */ = {
			isa = PBXGroup;
			children = (
				82AEF2FF2C21A742002C0665 /* WidgetKit.framework */,
				82AEF3012C21A742002C0665 /* SwiftUI.framework */,
			);
			name = Frameworks;
			sourceTree = "<group>";
		};
		82AEF3032C21A742002C0665 /* CollegeifyWidget */ = {
			isa = PBXGroup;
			children = (
				82AEF3042C21A742002C0665 /* CollegeifyWidgetBundle.swift */,
				82AEF3062C21A742002C0665 /* CollegeifyWidgetLiveActivity.swift */,
				82AEF3082C21A742002C0665 /* CollegeifyWidget.swift */,
				82AEF30A2C21A742002C0665 /* AppIntent.swift */,
				82AEF30C2C21A743002C0665 /* Assets.xcassets */,
				82AEF30E2C21A743002C0665 /* Info.plist */,
			);
			path = CollegeifyWidget;
			sourceTree = "<group>";
		};
/* End PBXGroup section */

/* Begin PBXNativeTarget section */
		82151EA72C2197BF00AF7511 /* Collegeify */ = {
			isa = PBXNativeTarget;
			buildConfigurationList = 82151ECC2C2197C000AF7511 /* Build configuration list for PBXNativeTarget "Collegeify" */;
			buildPhases = (
				82151EA42C2197BF00AF7511 /* Sources */,
				82151EA52C2197BF00AF7511 /* Frameworks */,
				82151EA62C2197BF00AF7511 /* Resources */,
				82AEF3122C21A743002C0665 /* Embed Foundation Extensions */,
			);
			buildRules = (
			);
			dependencies = (
				82AEF3102C21A743002C0665 /* PBXTargetDependency */,
			);
			name = Collegeify;
			productName = Collegeify;
			productReference = 82151EA82C2197BF00AF7511 /* Collegeify.app */;
			productType = "com.apple.product-type.application";
		};
		82151EB72C2197C000AF7511 /* CollegeifyTests */ = {
			isa = PBXNativeTarget;
			buildConfigurationList = 82151ECF2C2197C000AF7511 /* Build configuration list for PBXNativeTarget "CollegeifyTests" */;
			buildPhases = (
				82151EB42C2197C000AF7511 /* Sources */,
				82151EB52C2197C000AF7511 /* Frameworks */,
				82151EB62C2197C000AF7511 /* Resources */,
			);
			buildRules = (
			);
			dependencies = (
				82151EBA2C2197C000AF7511 /* PBXTargetDependency */,
			);
			name = CollegeifyTests;
			productName = CollegeifyTests;
			productReference = 82151EB82C2197C000AF7511 /* CollegeifyTests.xctest */;
			productType = "com.apple.product-type.bundle.unit-test";
		};
		82151EC12C2197C000AF7511 /* CollegeifyUITests */ = {
			isa = PBXNativeTarget;
			buildConfigurationList = 82151ED22C2197C000AF7511 /* Build configuration list for PBXNativeTarget "CollegeifyUITests" */;
			buildPhases = (
				82151EBE2C2197C000AF7511 /* Sources */,
				82151EBF2C2197C000AF7511 /* Frameworks */,
				82151EC02C2197C000AF7511 /* Resources */,
			);
			buildRules = (
			);
			dependencies = (
				82151EC42C2197C000AF7511 /* PBXTargetDependency */,
			);
			name = CollegeifyUITests;
			productName = CollegeifyUITests;
			productReference = 82151EC22C2197C000AF7511 /* CollegeifyUITests.xctest */;
			productType = "com.apple.product-type.bundle.ui-testing";
		};
		82AEF2FC2C21A742002C0665 /* CollegeifyWidgetExtension */ = {
			isa = PBXNativeTarget;
			buildConfigurationList = 82AEF3152C21A743002C0665 /* Build configuration list for PBXNativeTarget "CollegeifyWidgetExtension" */;
			buildPhases = (
				82AEF2F92C21A742002C0665 /* Sources */,
				82AEF2FA2C21A742002C0665 /* Frameworks */,
				82AEF2FB2C21A742002C0665 /* Resources */,
			);
			buildRules = (
			);
			dependencies = (
			);
			name = CollegeifyWidgetExtension;
			productName = CollegeifyWidgetExtension;
			productReference = 82AEF2FD2C21A742002C0665 /* CollegeifyWidgetExtension.appex */;
			productType = "com.apple.product-type.app-extension";
		};
/* End PBXNativeTarget section */

/* Begin PBXProject section */
		82151EA02C2197BF00AF7511 /* Project object */ = {
			isa = PBXProject;
			attributes = {
				BuildIndependentTargetsInParallel = 1;
				LastSwiftUpdateCheck = 1540;
				LastUpgradeCheck = 1540;
				TargetAttributes = {
					82151EA72C2197BF00AF7511 = {
						CreatedOnToolsVersion = 15.4;
					};
					82151EB72C2197C000AF7511 = {
						CreatedOnToolsVersion = 15.4;
						TestTargetID = 82151EA72C2197BF00AF7511;
					};
					82151EC12C2197C000AF7511 = {
						CreatedOnToolsVersion = 15.4;
						TestTargetID = 82151EA72C2197BF00AF7511;
					};
					82AEF2FC2C21A742002C0665 = {
						CreatedOnToolsVersion = 15.4;
					};
				};
			};
			buildConfigurationList = 82151EA32C2197BF00AF7511 /* Build configuration list for PBXProject "Collegeify" */;
			compatibilityVersion = "Xcode 14.0";
			developmentRegion = en;
			hasScannedForEncodings = 0;
			knownRegions = (
				en,
				Base,
			);
			mainGroup = 82151E9F2C2197BF00AF7511;
			productRefGroup = 82151EA92C2197BF00AF7511 /* Products */;
			projectDirPath = "";
			projectRoot = "";
			targets = (
				82151EA72C2197BF00AF7511 /* Collegeify */,
				82151EB72C2197C000AF7511 /* CollegeifyTests */,
				82151EC12C2197C000AF7511 /* CollegeifyUITests */,
				82AEF2FC2C21A742002C0665 /* CollegeifyWidgetExtension */,
			);
		};
/* End PBXProject section */

/* Begin PBXResourcesBuildPhase section */
		82151EA62C2197BF00AF7511 /* Resources */ = {
			isa = PBXResourcesBuildPhase;
			buildActionMask = 2147483647;
			files = (
				82151EB32C2197C000AF7511 /* Preview Assets.xcassets in Resources */,
				82151EB02C2197C000AF7511 /* Assets.xcassets in Resources */,
			);
			runOnlyForDeploymentPostprocessing = 0;
		};
		82151EB62C2197C000AF7511 /* Resources */ = {
			isa = PBXResourcesBuildPhase;
			buildActionMask = 2147483647;
			files = (
			);
			runOnlyForDeploymentPostprocessing = 0;
		};
		82151EC02C2197C000AF7511 /* Resources */ = {
			isa = PBXResourcesBuildPhase;
			buildActionMask = 2147483647;
			files = (
			);
			runOnlyForDeploymentPostprocessing = 0;
		};
		82AEF2FB2C21A742002C0665 /* Resources */ = {
			isa = PBXResourcesBuildPhase;
			buildActionMask = 2147483647;
			files = (
				82AEF30D2C21A743002C0665 /* Assets.xcassets in Resources */,
			);
			runOnlyForDeploymentPostprocessing = 0;
		};
/* End PBXResourcesBuildPhase section */

/* Begin PBXSourcesBuildPhase section */
		82151EA42C2197BF00AF7511 /* Sources */ = {
			isa = PBXSourcesBuildPhase;
			buildActionMask = 2147483647;
			files = (
				82151EAE2C2197BF00AF7511 /* ContentView.swift in Sources */,
				82AEF3172C21A8FE002C0665 /* Subject.swift in Sources */,
				82151EAC2C2197BF00AF7511 /* CollegeifyApp.swift in Sources */,
			);
			runOnlyForDeploymentPostprocessing = 0;
		};
		82151EB42C2197C000AF7511 /* Sources */ = {
			isa = PBXSourcesBuildPhase;
			buildActionMask = 2147483647;
			files = (
				82151EBD2C2197C000AF7511 /* CollegeifyTests.swift in Sources */,
			);
			runOnlyForDeploymentPostprocessing = 0;
		};
		82151EBE2C2197C000AF7511 /* Sources */ = {
			isa = PBXSourcesBuildPhase;
			buildActionMask = 2147483647;
			files = (
				82151EC72C2197C000AF7511 /* CollegeifyUITests.swift in Sources */,
				82151EC92C2197C000AF7511 /* CollegeifyUITestsLaunchTests.swift in Sources */,
			);
			runOnlyForDeploymentPostprocessing = 0;
		};
		82AEF2F92C21A742002C0665 /* Sources */ = {
			isa = PBXSourcesBuildPhase;
			buildActionMask = 2147483647;
			files = (
				82AEF3052C21A742002C0665 /* CollegeifyWidgetBundle.swift in Sources */,
				82AEF3182C21A979002C0665 /* Subject.swift in Sources */,
				82AEF30B2C21A742002C0665 /* AppIntent.swift in Sources */,
				82AEF3092C21A742002C0665 /* CollegeifyWidget.swift in Sources */,
				82AEF3072C21A742002C0665 /* CollegeifyWidgetLiveActivity.swift in Sources */,
			);
			runOnlyForDeploymentPostprocessing = 0;
		};
/* End PBXSourcesBuildPhase section */

/* Begin PBXTargetDependency section */
		82151EBA2C2197C000AF7511 /* PBXTargetDependency */ = {
			isa = PBXTargetDependency;
			target = 82151EA72C2197BF00AF7511 /* Collegeify */;
			targetProxy = 82151EB92C2197C000AF7511 /* PBXContainerItemProxy */;
		};
		82151EC42C2197C000AF7511 /* PBXTargetDependency */ = {
			isa = PBXTargetDependency;
			target = 82151EA72C2197BF00AF7511 /* Collegeify */;
			targetProxy = 82151EC32C2197C000AF7511 /* PBXContainerItemProxy */;
		};
		82AEF3102C21A743002C0665 /* PBXTargetDependency */ = {
			isa = PBXTargetDependency;
			target = 82AEF2FC2C21A742002C0665 /* CollegeifyWidgetExtension */;
			targetProxy = 82AEF30F2C21A743002C0665 /* PBXContainerItemProxy */;
		};
/* End PBXTargetDependency section */

/* Begin XCBuildConfiguration section */
		82151ECA2C2197C000AF7511 /* Debug */ = {
			isa = XCBuildConfiguration;
			buildSettings = {
				ALWAYS_SEARCH_USER_PATHS = NO;
				ASSETCATALOG_COMPILER_GENERATE_SWIFT_ASSET_SYMBOL_EXTENSIONS = YES;
				CLANG_ANALYZER_NONNULL = YES;
				CLANG_ANALYZER_NUMBER_OBJECT_CONVERSION = YES_AGGRESSIVE;
				CLANG_CXX_LANGUAGE_STANDARD = "gnu++20";
				CLANG_ENABLE_MODULES = YES;
				CLANG_ENABLE_OBJC_ARC = YES;
				CLANG_ENABLE_OBJC_WEAK = YES;
				CLANG_WARN_BLOCK_CAPTURE_AUTORELEASING = YES;
				CLANG_WARN_BOOL_CONVERSION = YES;
				CLANG_WARN_COMMA = YES;
				CLANG_WARN_CONSTANT_CONVERSION = YES;
				CLANG_WARN_DEPRECATED_OBJC_IMPLEMENTATIONS = YES;
				CLANG_WARN_DIRECT_OBJC_ISA_USAGE = YES_ERROR;
				CLANG_WARN_DOCUMENTATION_COMMENTS = YES;
				CLANG_WARN_EMPTY_BODY = YES;
				CLANG_WARN_ENUM_CONVERSION = YES;
				CLANG_WARN_INFINITE_RECURSION = YES;
				CLANG_WARN_INT_CONVERSION = YES;
				CLANG_WARN_NON_LITERAL_NULL_CONVERSION = YES;
				CLANG_WARN_OBJC_IMPLICIT_RETAIN_SELF = YES;
				CLANG_WARN_OBJC_LITERAL_CONVERSION = YES;
				CLANG_WARN_OBJC_ROOT_CLASS = YES_ERROR;
				CLANG_WARN_QUOTED_INCLUDE_IN_FRAMEWORK_HEADER = YES;
				CLANG_WARN_RANGE_LOOP_ANALYSIS = YES;
				CLANG_WARN_STRICT_PROTOTYPES = YES;
				CLANG_WARN_SUSPICIOUS_MOVE = YES;
				CLANG_WARN_UNGUARDED_AVAILABILITY = YES_AGGRESSIVE;
				CLANG_WARN_UNREACHABLE_CODE = YES;
				CLANG_WARN__DUPLICATE_METHOD_MATCH = YES;
				COPY_PHASE_STRIP = NO;
				DEBUG_INFORMATION_FORMAT = dwarf;
				ENABLE_STRICT_OBJC_MSGSEND = YES;
				ENABLE_TESTABILITY = YES;
				ENABLE_USER_SCRIPT_SANDBOXING = YES;
				GCC_C_LANGUAGE_STANDARD = gnu17;
				GCC_DYNAMIC_NO_PIC = NO;
				GCC_NO_COMMON_BLOCKS = YES;
				GCC_OPTIMIZATION_LEVEL = 0;
				GCC_PREPROCESSOR_DEFINITIONS = (
					"DEBUG=1",
					"$(inherited)",
				);
				GCC_WARN_64_TO_32_BIT_CONVERSION = YES;
				GCC_WARN_ABOUT_RETURN_TYPE = YES_ERROR;
				GCC_WARN_UNDECLARED_SELECTOR = YES;
				GCC_WARN_UNINITIALIZED_AUTOS = YES_AGGRESSIVE;
				GCC_WARN_UNUSED_FUNCTION = YES;
				GCC_WARN_UNUSED_VARIABLE = YES;
				IPHONEOS_DEPLOYMENT_TARGET = 17.5;
				LOCALIZATION_PREFERS_STRING_CATALOGS = YES;
				MTL_ENABLE_DEBUG_INFO = INCLUDE_SOURCE;
				MTL_FAST_MATH = YES;
				ONLY_ACTIVE_ARCH = YES;
				SDKROOT = iphoneos;
				SWIFT_ACTIVE_COMPILATION_CONDITIONS = "DEBUG $(inherited)";
				SWIFT_OPTIMIZATION_LEVEL = "-Onone";
			};
			name = Debug;
		};
		82151ECB2C2197C000AF7511 /* Release */ = {
			isa = XCBuildConfiguration;
			buildSettings = {
				ALWAYS_SEARCH_USER_PATHS = NO;
				ASSETCATALOG_COMPILER_GENERATE_SWIFT_ASSET_SYMBOL_EXTENSIONS = YES;
				CLANG_ANALYZER_NONNULL = YES;
				CLANG_ANALYZER_NUMBER_OBJECT_CONVERSION = YES_AGGRESSIVE;
				CLANG_CXX_LANGUAGE_STANDARD = "gnu++20";
				CLANG_ENABLE_MODULES = YES;
				CLANG_ENABLE_OBJC_ARC = YES;
				CLANG_ENABLE_OBJC_WEAK = YES;
				CLANG_WARN_BLOCK_CAPTURE_AUTORELEASING = YES;
				CLANG_WARN_BOOL_CONVERSION = YES;
				CLANG_WARN_COMMA = YES;
				CLANG_WARN_CONSTANT_CONVERSION = YES;
				CLANG_WARN_DEPRECATED_OBJC_IMPLEMENTATIONS = YES;
				CLANG_WARN_DIRECT_OBJC_ISA_USAGE = YES_ERROR;
				CLANG_WARN_DOCUMENTATION_COMMENTS = YES;
				CLANG_WARN_EMPTY_BODY = YES;
				CLANG_WARN_ENUM_CONVERSION = YES;
				CLANG_WARN_INFINITE_RECURSION = YES;
				CLANG_WARN_INT_CONVERSION = YES;
				CLANG_WARN_NON_LITERAL_NULL_CONVERSION = YES;
				CLANG_WARN_OBJC_IMPLICIT_RETAIN_SELF = YES;
				CLANG_WARN_OBJC_LITERAL_CONVERSION = YES;
				CLANG_WARN_OBJC_ROOT_CLASS = YES_ERROR;
				CLANG_WARN_QUOTED_INCLUDE_IN_FRAMEWORK_HEADER = YES;
				CLANG_WARN_RANGE_LOOP_ANALYSIS = YES;
				CLANG_WARN_STRICT_PROTOTYPES = YES;
				CLANG_WARN_SUSPICIOUS_MOVE = YES;
				CLANG_WARN_UNGUARDED_AVAILABILITY = YES_AGGRESSIVE;
				CLANG_WARN_UNREACHABLE_CODE = YES;
				CLANG_WARN__DUPLICATE_METHOD_MATCH = YES;
				COPY_PHASE_STRIP = NO;
				DEBUG_INFORMATION_FORMAT = "dwarf-with-dsym";
				ENABLE_NS_ASSERTIONS = NO;
				ENABLE_STRICT_OBJC_MSGSEND = YES;
				ENABLE_USER_SCRIPT_SANDBOXING = YES;
				GCC_C_LANGUAGE_STANDARD = gnu17;
				GCC_NO_COMMON_BLOCKS = YES;
				GCC_WARN_64_TO_32_BIT_CONVERSION = YES;
				GCC_WARN_ABOUT_RETURN_TYPE = YES_ERROR;
				GCC_WARN_UNDECLARED_SELECTOR = YES;
				GCC_WARN_UNINITIALIZED_AUTOS = YES_AGGRESSIVE;
				GCC_WARN_UNUSED_FUNCTION = YES;
				GCC_WARN_UNUSED_VARIABLE = YES;
				IPHONEOS_DEPLOYMENT_TARGET = 17.5;
				LOCALIZATION_PREFERS_STRING_CATALOGS = YES;
				MTL_ENABLE_DEBUG_INFO = NO;
				MTL_FAST_MATH = YES;
				SDKROOT = iphoneos;
				SWIFT_COMPILATION_MODE = wholemodule;
				VALIDATE_PRODUCT = YES;
			};
			name = Release;
		};
		82151ECD2C2197C000AF7511 /* Debug */ = {
			isa = XCBuildConfiguration;
			buildSettings = {
				ALWAYS_EMBED_SWIFT_STANDARD_LIBRARIES = YES;
				ASSETCATALOG_COMPILER_APPICON_NAME = AppIcon;
				ASSETCATALOG_COMPILER_GLOBAL_ACCENT_COLOR_NAME = AccentColor;
				CODE_SIGN_STYLE = Automatic;
				CURRENT_PROJECT_VERSION = 1;
				DEVELOPMENT_ASSET_PATHS = "\"Collegeify/Preview Content\"";
				ENABLE_PREVIEWS = YES;
				GENERATE_INFOPLIST_FILE = YES;
				INFOPLIST_KEY_UIApplicationSceneManifest_Generation = YES;
				INFOPLIST_KEY_UIApplicationSupportsIndirectInputEvents = YES;
				INFOPLIST_KEY_UILaunchScreen_Generation = YES;
				INFOPLIST_KEY_UISupportedInterfaceOrientations_iPad = "UIInterfaceOrientationPortrait UIInterfaceOrientationPortraitUpsideDown UIInterfaceOrientationLandscapeLeft UIInterfaceOrientationLandscapeRight";
				INFOPLIST_KEY_UISupportedInterfaceOrientations_iPhone = "UIInterfaceOrientationPortrait UIInterfaceOrientationLandscapeLeft UIInterfaceOrientationLandscapeRight";
				LD_RUNPATH_SEARCH_PATHS = (
					"$(inherited)",
					"@executable_path/Frameworks",
				);
				MARKETING_VERSION = 1.0;
				PRODUCT_BUNDLE_IDENTIFIER = lakshay.Collegeify;
				PRODUCT_NAME = "$(TARGET_NAME)";
				SWIFT_EMIT_LOC_STRINGS = YES;
				SWIFT_VERSION = 5.0;
				TARGETED_DEVICE_FAMILY = "1,2";
			};
			name = Debug;
		};
		82151ECE2C2197C000AF7511 /* Release */ = {
			isa = XCBuildConfiguration;
			buildSettings = {
				ALWAYS_EMBED_SWIFT_STANDARD_LIBRARIES = YES;
				ASSETCATALOG_COMPILER_APPICON_NAME = AppIcon;
				ASSETCATALOG_COMPILER_GLOBAL_ACCENT_COLOR_NAME = AccentColor;
				CODE_SIGN_STYLE = Automatic;
				CURRENT_PROJECT_VERSION = 1;
				DEVELOPMENT_ASSET_PATHS = "\"Collegeify/Preview Content\"";
				ENABLE_PREVIEWS = YES;
				GENERATE_INFOPLIST_FILE = YES;
				INFOPLIST_KEY_UIApplicationSceneManifest_Generation = YES;
				INFOPLIST_KEY_UIApplicationSupportsIndirectInputEvents = YES;
				INFOPLIST_KEY_UILaunchScreen_Generation = YES;
				INFOPLIST_KEY_UISupportedInterfaceOrientations_iPad = "UIInterfaceOrientationPortrait UIInterfaceOrientationPortraitUpsideDown UIInterfaceOrientationLandscapeLeft UIInterfaceOrientationLandscapeRight";
				INFOPLIST_KEY_UISupportedInterfaceOrientations_iPhone = "UIInterfaceOrientationPortrait UIInterfaceOrientationLandscapeLeft UIInterfaceOrientationLandscapeRight";
				LD_RUNPATH_SEARCH_PATHS = (
					"$(inherited)",
					"@executable_path/Frameworks",
				);
				MARKETING_VERSION = 1.0;
				PRODUCT_BUNDLE_IDENTIFIER = lakshay.Collegeify;
				PRODUCT_NAME = "$(TARGET_NAME)";
				SWIFT_EMIT_LOC_STRINGS = YES;
				SWIFT_VERSION = 5.0;
				TARGETED_DEVICE_FAMILY = "1,2";
			};
			name = Release;
		};
		82151ED02C2197C000AF7511 /* Debug */ = {
			isa = XCBuildConfiguration;
			buildSettings = {
				ALWAYS_EMBED_SWIFT_STANDARD_LIBRARIES = YES;
				BUNDLE_LOADER = "$(TEST_HOST)";
				CODE_SIGN_STYLE = Automatic;
				CURRENT_PROJECT_VERSION = 1;
				GENERATE_INFOPLIST_FILE = YES;
				IPHONEOS_DEPLOYMENT_TARGET = 17.5;
				MARKETING_VERSION = 1.0;
				PRODUCT_BUNDLE_IDENTIFIER = lakshay.CollegeifyTests;
				PRODUCT_NAME = "$(TARGET_NAME)";
				SWIFT_EMIT_LOC_STRINGS = NO;
				SWIFT_VERSION = 5.0;
				TARGETED_DEVICE_FAMILY = "1,2";
				TEST_HOST = "$(BUILT_PRODUCTS_DIR)/Collegeify.app/$(BUNDLE_EXECUTABLE_FOLDER_PATH)/Collegeify";
			};
			name = Debug;
		};
		82151ED12C2197C000AF7511 /* Release */ = {
			isa = XCBuildConfiguration;
			buildSettings = {
				ALWAYS_EMBED_SWIFT_STANDARD_LIBRARIES = YES;
				BUNDLE_LOADER = "$(TEST_HOST)";
				CODE_SIGN_STYLE = Automatic;
				CURRENT_PROJECT_VERSION = 1;
				GENERATE_INFOPLIST_FILE = YES;
				IPHONEOS_DEPLOYMENT_TARGET = 17.5;
				MARKETING_VERSION = 1.0;
				PRODUCT_BUNDLE_IDENTIFIER = lakshay.CollegeifyTests;
				PRODUCT_NAME = "$(TARGET_NAME)";
				SWIFT_EMIT_LOC_STRINGS = NO;
				SWIFT_VERSION = 5.0;
				TARGETED_DEVICE_FAMILY = "1,2";
				TEST_HOST = "$(BUILT_PRODUCTS_DIR)/Collegeify.app/$(BUNDLE_EXECUTABLE_FOLDER_PATH)/Collegeify";
			};
			name = Release;
		};
		82151ED32C2197C000AF7511 /* Debug */ = {
			isa = XCBuildConfiguration;
			buildSettings = {
				ALWAYS_EMBED_SWIFT_STANDARD_LIBRARIES = YES;
				CODE_SIGN_STYLE = Automatic;
				CURRENT_PROJECT_VERSION = 1;
				GENERATE_INFOPLIST_FILE = YES;
				MARKETING_VERSION = 1.0;
				PRODUCT_BUNDLE_IDENTIFIER = lakshay.CollegeifyUITests;
				PRODUCT_NAME = "$(TARGET_NAME)";
				SWIFT_EMIT_LOC_STRINGS = NO;
				SWIFT_VERSION = 5.0;
				TARGETED_DEVICE_FAMILY = "1,2";
				TEST_TARGET_NAME = Collegeify;
			};
			name = Debug;
		};
		82151ED42C2197C000AF7511 /* Release */ = {
			isa = XCBuildConfiguration;
			buildSettings = {
				ALWAYS_EMBED_SWIFT_STANDARD_LIBRARIES = YES;
				CODE_SIGN_STYLE = Automatic;
				CURRENT_PROJECT_VERSION = 1;
				GENERATE_INFOPLIST_FILE = YES;
				MARKETING_VERSION = 1.0;
				PRODUCT_BUNDLE_IDENTIFIER = lakshay.CollegeifyUITests;
				PRODUCT_NAME = "$(TARGET_NAME)";
				SWIFT_EMIT_LOC_STRINGS = NO;
				SWIFT_VERSION = 5.0;
				TARGETED_DEVICE_FAMILY = "1,2";
				TEST_TARGET_NAME = Collegeify;
			};
			name = Release;
		};
		82AEF3132C21A743002C0665 /* Debug */ = {
			isa = XCBuildConfiguration;
			buildSettings = {
				ASSETCATALOG_COMPILER_GLOBAL_ACCENT_COLOR_NAME = AccentColor;
				ASSETCATALOG_COMPILER_WIDGET_BACKGROUND_COLOR_NAME = WidgetBackground;
				CODE_SIGN_STYLE = Automatic;
				CURRENT_PROJECT_VERSION = 1;
				GENERATE_INFOPLIST_FILE = YES;
				INFOPLIST_FILE = CollegeifyWidget/Info.plist;
				INFOPLIST_KEY_CFBundleDisplayName = CollegeifyWidget;
				INFOPLIST_KEY_NSHumanReadableCopyright = "";
				LD_RUNPATH_SEARCH_PATHS = (
					"$(inherited)",
					"@executable_path/Frameworks",
					"@executable_path/../../Frameworks",
				);
				MARKETING_VERSION = 1.0;
				PRODUCT_BUNDLE_IDENTIFIER = lakshay.Collegeify.CollegeifyWidget;
				PRODUCT_NAME = "$(TARGET_NAME)";
				SKIP_INSTALL = YES;
				SWIFT_EMIT_LOC_STRINGS = YES;
				SWIFT_VERSION = 5.0;
				TARGETED_DEVICE_FAMILY = "1,2";
			};
			name = Debug;
		};
		82AEF3142C21A743002C0665 /* Release */ = {
			isa = XCBuildConfiguration;
			buildSettings = {
				ASSETCATALOG_COMPILER_GLOBAL_ACCENT_COLOR_NAME = AccentColor;
				ASSETCATALOG_COMPILER_WIDGET_BACKGROUND_COLOR_NAME = WidgetBackground;
				CODE_SIGN_STYLE = Automatic;
				CURRENT_PROJECT_VERSION = 1;
				GENERATE_INFOPLIST_FILE = YES;
				INFOPLIST_FILE = CollegeifyWidget/Info.plist;
				INFOPLIST_KEY_CFBundleDisplayName = CollegeifyWidget;
				INFOPLIST_KEY_NSHumanReadableCopyright = "";
				LD_RUNPATH_SEARCH_PATHS = (
					"$(inherited)",
					"@executable_path/Frameworks",
					"@executable_path/../../Frameworks",
				);
				MARKETING_VERSION = 1.0;
				PRODUCT_BUNDLE_IDENTIFIER = lakshay.Collegeify.CollegeifyWidget;
				PRODUCT_NAME = "$(TARGET_NAME)";
				SKIP_INSTALL = YES;
				SWIFT_EMIT_LOC_STRINGS = YES;
				SWIFT_VERSION = 5.0;
				TARGETED_DEVICE_FAMILY = "1,2";
			};
			name = Release;
		};
/* End XCBuildConfiguration section */

/* Begin XCConfigurationList section */
		82151EA32C2197BF00AF7511 /* Build configuration list for PBXProject "Collegeify" */ = {
			isa = XCConfigurationList;
			buildConfigurations = (
				82151ECA2C2197C000AF7511 /* Debug */,
				82151ECB2C2197C000AF7511 /* Release */,
			);
			defaultConfigurationIsVisible = 0;
			defaultConfigurationName = Release;
		};
		82151ECC2C2197C000AF7511 /* Build configuration list for PBXNativeTarget "Collegeify" */ = {
			isa = XCConfigurationList;
			buildConfigurations = (
				82151ECD2C2197C000AF7511 /* Debug */,
				82151ECE2C2197C000AF7511 /* Release */,
			);
			defaultConfigurationIsVisible = 0;
			defaultConfigurationName = Release;
		};
		82151ECF2C2197C000AF7511 /* Build configuration list for PBXNativeTarget "CollegeifyTests" */ = {
			isa = XCConfigurationList;
			buildConfigurations = (
				82151ED02C2197C000AF7511 /* Debug */,
				82151ED12C2197C000AF7511 /* Release */,
			);
			defaultConfigurationIsVisible = 0;
			defaultConfigurationName = Release;
		};
		82151ED22C2197C000AF7511 /* Build configuration list for PBXNativeTarget "CollegeifyUITests" */ = {
			isa = XCConfigurationList;
			buildConfigurations = (
				82151ED32C2197C000AF7511 /* Debug */,
				82151ED42C2197C000AF7511 /* Release */,
			);
			defaultConfigurationIsVisible = 0;
			defaultConfigurationName = Release;
		};
		82AEF3152C21A743002C0665 /* Build configuration list for PBXNativeTarget "CollegeifyWidgetExtension" */ = {
			isa = XCConfigurationList;
			buildConfigurations = (
				82AEF3132C21A743002C0665 /* Debug */,
				82AEF3142C21A743002C0665 /* Release */,
			);
			defaultConfigurationIsVisible = 0;
			defaultConfigurationName = Release;
		};
/* End XCConfigurationList section */
	};
	rootObject = 82151EA02C2197BF00AF7511 /* Project object */;
}
